
Microsoft Visual Studio Solution File, Format Version 12.00
# Visual Studio 15
VisualStudioVersion = 15.0.28307.960
MinimumVisualStudioVersion = 10.0.40219.1
Project("{FAE04EC0-301F-11D3-BF4B-00C04F79EFBC}") = "PlatformManagementConsole", "PlatformManagementConsole\PlatformManagementConsole.csproj", "{33DBF383-3AA7-41E9-A44F-42CC237A6EFF}"
EndProject
Global
	GlobalSection(SolutionConfigurationPlatforms) = preSolution
		Debug|Any CPU = Debug|Any CPU
		Release|Any CPU = Release|Any CPU
	EndGlobalSection
	GlobalSection(ProjectConfigurationPlatforms) = postSolution
		{33DBF383-3AA7-41E9-A44F-42CC237A6EFF}.Debug|Any CPU.ActiveCfg = Debug|Any CPU
		{33DBF383-3AA7-41E9-A44F-42CC237A6EFF}.Debug|Any CPU.Build.0 = Debug|Any CPU
		{33DBF383-3AA7-41E9-A44F-42CC237A6EFF}.Release|Any CPU.ActiveCfg = Release|Any CPU
		{33DBF383-3AA7-41E9-A44F-42CC237A6EFF}.Release|Any CPU.Build.0 = Release|Any CPU
	EndGlobalSection
	GlobalSection(SolutionProperties) = preSolution
		HideSolutionNode = FALSE
	EndGlobalSection
	GlobalSection(ExtensibilityGlobals) = postSolution
		SolutionGuid = {B70C5DCE-543D-4C8C-9D14-283DDA832597}
	EndGlobalSection
EndGlobal
